
Microsoft Visual Studio Solution File, Format Version 12.00
# Visual Studio 15
VisualStudioVersion = 15.0.26124.0
MinimumVisualStudioVersion = 15.0.26124.0
Project("{FAE04EC0-301F-11D3-BF4B-00C04F79EFBC}") = "JwtBearerSample", "JwtBearerSample\JwtBearerSample.csproj", "{36B7E622-7F8B-4159-A19B-EC5F33D2AA62}"
EndProject
Global
	GlobalSection(SolutionConfigurationPlatforms) = preSolution
		Debug|Any CPU = Debug|Any CPU
		Release|Any CPU = Release|Any CPU
	EndGlobalSection
	GlobalSection(ProjectConfigurationPlatforms) = postSolution
		{36B7E622-7F8B-4159-A19B-EC5F33D2AA62}.Debug|Any CPU.ActiveCfg = Debug|Any CPU
		{36B7E622-7F8B-4159-A19B-EC5F33D2AA62}.Debug|Any CPU.Build.0 = Debug|Any CPU
		{36B7E622-7F8B-4159-A19B-EC5F33D2AA62}.Release|Any CPU.ActiveCfg = Release|Any CPU
		{36B7E622-7F8B-4159-A19B-EC5F33D2AA62}.Release|Any CPU.Build.0 = Release|Any CPU
	EndGlobalSection
	GlobalSection(SolutionProperties) = preSolution
		HideSolutionNode = FALSE
	EndGlobalSection
	GlobalSection(ExtensibilityGlobals) = postSolution
		SolutionGuid = {6B9531ED-F535-46FA-BF1C-01EC3FC8BF02}
	EndGlobalSection
EndGlobal
