
Microsoft Visual Studio Solution File, Format Version 12.00
# Visual Studio Version 16
VisualStudioVersion = 16.0.29102.190
MinimumVisualStudioVersion = 15.0.26124.0
Project("{FAE04EC0-301F-11D3-BF4B-00C04F79EFBC}") = "Michael.JwtProvider", "src\Michael.JwtProvider\Michael.JwtProvider.csproj", "{0E1EA93C-817E-4D88-B3DC-03295F81A00D}"
EndProject
Project("{FAE04EC0-301F-11D3-BF4B-00C04F79EFBC}") = "Michael.JwtWebApp", "src\Michael.JwtWebApp\Michael.JwtWebApp.csproj", "{3D33AE3D-D570-43EC-AAE4-B43FEFE110FB}"
EndProject
Global
	GlobalSection(SolutionConfigurationPlatforms) = preSolution
		Debug|Any CPU = Debug|Any CPU
		Release|Any CPU = Release|Any CPU
	EndGlobalSection
	GlobalSection(ProjectConfigurationPlatforms) = postSolution
		{0E1EA93C-817E-4D88-B3DC-03295F81A00D}.Debug|Any CPU.ActiveCfg = Debug|Any CPU
		{0E1EA93C-817E-4D88-B3DC-03295F81A00D}.Debug|Any CPU.Build.0 = Debug|Any CPU
		{0E1EA93C-817E-4D88-B3DC-03295F81A00D}.Release|Any CPU.ActiveCfg = Release|Any CPU
		{0E1EA93C-817E-4D88-B3DC-03295F81A00D}.Release|Any CPU.Build.0 = Release|Any CPU
		{3D33AE3D-D570-43EC-AAE4-B43FEFE110FB}.Debug|Any CPU.ActiveCfg = Debug|Any CPU
		{3D33AE3D-D570-43EC-AAE4-B43FEFE110FB}.Debug|Any CPU.Build.0 = Debug|Any CPU
		{3D33AE3D-D570-43EC-AAE4-B43FEFE110FB}.Release|Any CPU.ActiveCfg = Release|Any CPU
		{3D33AE3D-D570-43EC-AAE4-B43FEFE110FB}.Release|Any CPU.Build.0 = Release|Any CPU
	EndGlobalSection
	GlobalSection(SolutionProperties) = preSolution
		HideSolutionNode = FALSE
	EndGlobalSection
	GlobalSection(ExtensibilityGlobals) = postSolution
		SolutionGuid = {460198E6-8B2F-4356-8B2A-D0AA30C0F7FC}
	EndGlobalSection
EndGlobal
