
Microsoft Visual Studio Solution File, Format Version 12.00
# Visual Studio Version 16
VisualStudioVersion = 16.0.29102.190
MinimumVisualStudioVersion = 15.0.26124.0
Project("{2150E333-8FDC-42A3-9474-1A3956D46DE8}") = "src", "src", "{F5422A61-A08E-480C-9D09-37B0D31C826C}"
EndProject
Project("{9A19103F-16F7-4668-BE54-9A1E7A4F7556}") = "IdentityServer", "src\IdentityServer\IdentityServer.csproj", "{AC0F44D5-DF73-4F2A-8EA8-E9B1357F5C90}"
EndProject
Project("{FAE04EC0-301F-11D3-BF4B-00C04F79EFBC}") = "Api", "src\Api\Api.csproj", "{5DE79CB4-ED58-498B-A2DA-0BCB6F1EA83A}"
EndProject
Project("{FAE04EC0-301F-11D3-BF4B-00C04F79EFBC}") = "Client", "src\Client\Client.csproj", "{EE4EA6F2-7073-4C89-A56B-C458C5DFE631}"
EndProject
Global
	GlobalSection(SolutionConfigurationPlatforms) = preSolution
		Debug|Any CPU = Debug|Any CPU
		Debug|x64 = Debug|x64
		Debug|x86 = Debug|x86
		Release|Any CPU = Release|Any CPU
		Release|x64 = Release|x64
		Release|x86 = Release|x86
	EndGlobalSection
	GlobalSection(ProjectConfigurationPlatforms) = postSolution
		{AC0F44D5-DF73-4F2A-8EA8-E9B1357F5C90}.Debug|Any CPU.ActiveCfg = Debug|Any CPU
		{AC0F44D5-DF73-4F2A-8EA8-E9B1357F5C90}.Debug|Any CPU.Build.0 = Debug|Any CPU
		{AC0F44D5-DF73-4F2A-8EA8-E9B1357F5C90}.Debug|x64.ActiveCfg = Debug|Any CPU
		{AC0F44D5-DF73-4F2A-8EA8-E9B1357F5C90}.Debug|x64.Build.0 = Debug|Any CPU
		{AC0F44D5-DF73-4F2A-8EA8-E9B1357F5C90}.Debug|x86.ActiveCfg = Debug|Any CPU
		{AC0F44D5-DF73-4F2A-8EA8-E9B1357F5C90}.Debug|x86.Build.0 = Debug|Any CPU
		{AC0F44D5-DF73-4F2A-8EA8-E9B1357F5C90}.Release|Any CPU.ActiveCfg = Release|Any CPU
		{AC0F44D5-DF73-4F2A-8EA8-E9B1357F5C90}.Release|Any CPU.Build.0 = Release|Any CPU
		{AC0F44D5-DF73-4F2A-8EA8-E9B1357F5C90}.Release|x64.ActiveCfg = Release|Any CPU
		{AC0F44D5-DF73-4F2A-8EA8-E9B1357F5C90}.Release|x64.Build.0 = Release|Any CPU
		{AC0F44D5-DF73-4F2A-8EA8-E9B1357F5C90}.Release|x86.ActiveCfg = Release|Any CPU
		{AC0F44D5-DF73-4F2A-8EA8-E9B1357F5C90}.Release|x86.Build.0 = Release|Any CPU
		{5DE79CB4-ED58-498B-A2DA-0BCB6F1EA83A}.Debug|Any CPU.ActiveCfg = Debug|Any CPU
		{5DE79CB4-ED58-498B-A2DA-0BCB6F1EA83A}.Debug|Any CPU.Build.0 = Debug|Any CPU
		{5DE79CB4-ED58-498B-A2DA-0BCB6F1EA83A}.Debug|x64.ActiveCfg = Debug|Any CPU
		{5DE79CB4-ED58-498B-A2DA-0BCB6F1EA83A}.Debug|x64.Build.0 = Debug|Any CPU
		{5DE79CB4-ED58-498B-A2DA-0BCB6F1EA83A}.Debug|x86.ActiveCfg = Debug|Any CPU
		{5DE79CB4-ED58-498B-A2DA-0BCB6F1EA83A}.Debug|x86.Build.0 = Debug|Any CPU
		{5DE79CB4-ED58-498B-A2DA-0BCB6F1EA83A}.Release|Any CPU.ActiveCfg = Release|Any CPU
		{5DE79CB4-ED58-498B-A2DA-0BCB6F1EA83A}.Release|Any CPU.Build.0 = Release|Any CPU
		{5DE79CB4-ED58-498B-A2DA-0BCB6F1EA83A}.Release|x64.ActiveCfg = Release|Any CPU
		{5DE79CB4-ED58-498B-A2DA-0BCB6F1EA83A}.Release|x64.Build.0 = Release|Any CPU
		{5DE79CB4-ED58-498B-A2DA-0BCB6F1EA83A}.Release|x86.ActiveCfg = Release|Any CPU
		{5DE79CB4-ED58-498B-A2DA-0BCB6F1EA83A}.Release|x86.Build.0 = Release|Any CPU
		{EE4EA6F2-7073-4C89-A56B-C458C5DFE631}.Debug|Any CPU.ActiveCfg = Debug|Any CPU
		{EE4EA6F2-7073-4C89-A56B-C458C5DFE631}.Debug|Any CPU.Build.0 = Debug|Any CPU
		{EE4EA6F2-7073-4C89-A56B-C458C5DFE631}.Debug|x64.ActiveCfg = Debug|Any CPU
		{EE4EA6F2-7073-4C89-A56B-C458C5DFE631}.Debug|x64.Build.0 = Debug|Any CPU
		{EE4EA6F2-7073-4C89-A56B-C458C5DFE631}.Debug|x86.ActiveCfg = Debug|Any CPU
		{EE4EA6F2-7073-4C89-A56B-C458C5DFE631}.Debug|x86.Build.0 = Debug|Any CPU
		{EE4EA6F2-7073-4C89-A56B-C458C5DFE631}.Release|Any CPU.ActiveCfg = Release|Any CPU
		{EE4EA6F2-7073-4C89-A56B-C458C5DFE631}.Release|Any CPU.Build.0 = Release|Any CPU
		{EE4EA6F2-7073-4C89-A56B-C458C5DFE631}.Release|x64.ActiveCfg = Release|Any CPU
		{EE4EA6F2-7073-4C89-A56B-C458C5DFE631}.Release|x64.Build.0 = Release|Any CPU
		{EE4EA6F2-7073-4C89-A56B-C458C5DFE631}.Release|x86.ActiveCfg = Release|Any CPU
		{EE4EA6F2-7073-4C89-A56B-C458C5DFE631}.Release|x86.Build.0 = Release|Any CPU
	EndGlobalSection
	GlobalSection(SolutionProperties) = preSolution
		HideSolutionNode = FALSE
	EndGlobalSection
	GlobalSection(NestedProjects) = preSolution
		{AC0F44D5-DF73-4F2A-8EA8-E9B1357F5C90} = {F5422A61-A08E-480C-9D09-37B0D31C826C}
		{5DE79CB4-ED58-498B-A2DA-0BCB6F1EA83A} = {F5422A61-A08E-480C-9D09-37B0D31C826C}
		{EE4EA6F2-7073-4C89-A56B-C458C5DFE631} = {F5422A61-A08E-480C-9D09-37B0D31C826C}
	EndGlobalSection
	GlobalSection(ExtensibilityGlobals) = postSolution
		SolutionGuid = {EA4519AC-E0DD-468A-9CE5-907E99A6E5C6}
	EndGlobalSection
EndGlobal
