
Microsoft Visual Studio Solution File, Format Version 12.00
# Visual Studio Version 16
VisualStudioVersion = 16.0.29102.190
MinimumVisualStudioVersion = 15.0.26124.0
Project("{FAE04EC0-301F-11D3-BF4B-00C04F79EFBC}") = "Michael.IdentityProvider", "src\Michael.IdentityProvider\Michael.IdentityProvider.csproj", "{D602044B-4F49-4AB0-88C3-5690D255902A}"
EndProject
Project("{FAE04EC0-301F-11D3-BF4B-00C04F79EFBC}") = "MVCClient", "src\MVCClient\MVCClient.csproj", "{F458D8CA-9C64-4AA8-AAD8-568875D2C187}"
EndProject
Global
	GlobalSection(SolutionConfigurationPlatforms) = preSolution
		Debug|Any CPU = Debug|Any CPU
		Debug|x64 = Debug|x64
		Debug|x86 = Debug|x86
		Release|Any CPU = Release|Any CPU
		Release|x64 = Release|x64
		Release|x86 = Release|x86
	EndGlobalSection
	GlobalSection(ProjectConfigurationPlatforms) = postSolution
		{D602044B-4F49-4AB0-88C3-5690D255902A}.Debug|Any CPU.ActiveCfg = Debug|Any CPU
		{D602044B-4F49-4AB0-88C3-5690D255902A}.Debug|Any CPU.Build.0 = Debug|Any CPU
		{D602044B-4F49-4AB0-88C3-5690D255902A}.Debug|x64.ActiveCfg = Debug|Any CPU
		{D602044B-4F49-4AB0-88C3-5690D255902A}.Debug|x64.Build.0 = Debug|Any CPU
		{D602044B-4F49-4AB0-88C3-5690D255902A}.Debug|x86.ActiveCfg = Debug|Any CPU
		{D602044B-4F49-4AB0-88C3-5690D255902A}.Debug|x86.Build.0 = Debug|Any CPU
		{D602044B-4F49-4AB0-88C3-5690D255902A}.Release|Any CPU.ActiveCfg = Release|Any CPU
		{D602044B-4F49-4AB0-88C3-5690D255902A}.Release|Any CPU.Build.0 = Release|Any CPU
		{D602044B-4F49-4AB0-88C3-5690D255902A}.Release|x64.ActiveCfg = Release|Any CPU
		{D602044B-4F49-4AB0-88C3-5690D255902A}.Release|x64.Build.0 = Release|Any CPU
		{D602044B-4F49-4AB0-88C3-5690D255902A}.Release|x86.ActiveCfg = Release|Any CPU
		{D602044B-4F49-4AB0-88C3-5690D255902A}.Release|x86.Build.0 = Release|Any CPU
		{F458D8CA-9C64-4AA8-AAD8-568875D2C187}.Debug|Any CPU.ActiveCfg = Debug|Any CPU
		{F458D8CA-9C64-4AA8-AAD8-568875D2C187}.Debug|Any CPU.Build.0 = Debug|Any CPU
		{F458D8CA-9C64-4AA8-AAD8-568875D2C187}.Debug|x64.ActiveCfg = Debug|Any CPU
		{F458D8CA-9C64-4AA8-AAD8-568875D2C187}.Debug|x64.Build.0 = Debug|Any CPU
		{F458D8CA-9C64-4AA8-AAD8-568875D2C187}.Debug|x86.ActiveCfg = Debug|Any CPU
		{F458D8CA-9C64-4AA8-AAD8-568875D2C187}.Debug|x86.Build.0 = Debug|Any CPU
		{F458D8CA-9C64-4AA8-AAD8-568875D2C187}.Release|Any CPU.ActiveCfg = Release|Any CPU
		{F458D8CA-9C64-4AA8-AAD8-568875D2C187}.Release|Any CPU.Build.0 = Release|Any CPU
		{F458D8CA-9C64-4AA8-AAD8-568875D2C187}.Release|x64.ActiveCfg = Release|Any CPU
		{F458D8CA-9C64-4AA8-AAD8-568875D2C187}.Release|x64.Build.0 = Release|Any CPU
		{F458D8CA-9C64-4AA8-AAD8-568875D2C187}.Release|x86.ActiveCfg = Release|Any CPU
		{F458D8CA-9C64-4AA8-AAD8-568875D2C187}.Release|x86.Build.0 = Release|Any CPU
	EndGlobalSection
	GlobalSection(SolutionProperties) = preSolution
		HideSolutionNode = FALSE
	EndGlobalSection
	GlobalSection(ExtensibilityGlobals) = postSolution
		SolutionGuid = {FB02CDD7-B8EF-433F-9B56-F2C691CA0CAB}
	EndGlobalSection
EndGlobal
